
Microsoft Visual Studio Solution File, Format Version 12.00
# Visual Studio Version 17
VisualStudioVersion = 17.7.34018.315
MinimumVisualStudioVersion = 10.0.40219.1
Project("{FAE04EC0-301F-11D3-BF4B-00C04F79EFBC}") = "ogrenci", "ogrenci.csproj", "{77A93F9A-DC3B-4530-9D1E-2FAD11D046D9}"
EndProject
Global
	GlobalSection(SolutionConfigurationPlatforms) = preSolution
		Debug|Any CPU = Debug|Any CPU
		Release|Any CPU = Release|Any CPU
	EndGlobalSection
	GlobalSection(ProjectConfigurationPlatforms) = postSolution
		{77A93F9A-DC3B-4530-9D1E-2FAD11D046D9}.Debug|Any CPU.ActiveCfg = Debug|Any CPU
		{77A93F9A-DC3B-4530-9D1E-2FAD11D046D9}.Debug|Any CPU.Build.0 = Debug|Any CPU
		{77A93F9A-DC3B-4530-9D1E-2FAD11D046D9}.Release|Any CPU.ActiveCfg = Release|Any CPU
		{77A93F9A-DC3B-4530-9D1E-2FAD11D046D9}.Release|Any CPU.Build.0 = Release|Any CPU
	EndGlobalSection
	GlobalSection(SolutionProperties) = preSolution
		HideSolutionNode = FALSE
	EndGlobalSection
	GlobalSection(ExtensibilityGlobals) = postSolution
		SolutionGuid = {FAD12EB9-AD3D-48E0-9DCE-1EE5B83C9F6D}
	EndGlobalSection
EndGlobal
